
Microsoft Visual Studio Solution File, Format Version 12.00
# Visual Studio Version 17
VisualStudioVersion = 17.14.36414.22
MinimumVisualStudioVersion = 10.0.40219.1
Project("{FAE04EC0-301F-11D3-BF4B-00C04F79EFBC}") = "Donation Website", "Donation Website.csproj", "{617EF138-08E9-47B1-8DF6-57945DF9BF38}"
EndProject
Global
	GlobalSection(SolutionConfigurationPlatforms) = preSolution
		Debug|Any CPU = Debug|Any CPU
		Release|Any CPU = Release|Any CPU
	EndGlobalSection
	GlobalSection(ProjectConfigurationPlatforms) = postSolution
		{617EF138-08E9-47B1-8DF6-57945DF9BF38}.Debug|Any CPU.ActiveCfg = Debug|Any CPU
		{617EF138-08E9-47B1-8DF6-57945DF9BF38}.Debug|Any CPU.Build.0 = Debug|Any CPU
		{617EF138-08E9-47B1-8DF6-57945DF9BF38}.Release|Any CPU.ActiveCfg = Release|Any CPU
		{617EF138-08E9-47B1-8DF6-57945DF9BF38}.Release|Any CPU.Build.0 = Release|Any CPU
	EndGlobalSection
	GlobalSection(SolutionProperties) = preSolution
		HideSolutionNode = FALSE
	EndGlobalSection
	GlobalSection(ExtensibilityGlobals) = postSolution
		SolutionGuid = {43FD95A4-AEC7-4CD5-9E62-455A413EF15A}
	EndGlobalSection
EndGlobal
